
Microsoft Visual Studio Solution File, Format Version 12.00
# Visual Studio Version 16
VisualStudioVersion = 16.0.31729.503
MinimumVisualStudioVersion = 10.0.40219.1
Project("{FAE04EC0-301F-11D3-BF4B-00C04F79EFBC}") = "ReadFile002", "ReadFile002.csproj", "{FE251091-3BCE-4498-9905-8291241FE2DB}"
EndProject
Global
	GlobalSection(SolutionConfigurationPlatforms) = preSolution
		Debug|Any CPU = Debug|Any CPU
		Release|Any CPU = Release|Any CPU
	EndGlobalSection
	GlobalSection(ProjectConfigurationPlatforms) = postSolution
		{FE251091-3BCE-4498-9905-8291241FE2DB}.Debug|Any CPU.ActiveCfg = Debug|Any CPU
		{FE251091-3BCE-4498-9905-8291241FE2DB}.Debug|Any CPU.Build.0 = Debug|Any CPU
		{FE251091-3BCE-4498-9905-8291241FE2DB}.Release|Any CPU.ActiveCfg = Release|Any CPU
		{FE251091-3BCE-4498-9905-8291241FE2DB}.Release|Any CPU.Build.0 = Release|Any CPU
	EndGlobalSection
	GlobalSection(SolutionProperties) = preSolution
		HideSolutionNode = FALSE
	EndGlobalSection
	GlobalSection(ExtensibilityGlobals) = postSolution
		SolutionGuid = {8C3037EC-CD40-48D0-B0FA-4DCDFE464E33}
	EndGlobalSection
EndGlobal
